
Microsoft Visual Studio Solution File, Format Version 12.00
# Visual Studio Version 16
VisualStudioVersion = 16.0.30907.101
MinimumVisualStudioVersion = 10.0.40219.1
Project("{FAE04EC0-301F-11D3-BF4B-00C04F79EFBC}") = "com.TweetApp", "com.TweetApp.csproj", "{F213D93E-97E9-49F6-B4DA-8B3D6E26ABC5}"
EndProject
Global
	GlobalSection(SolutionConfigurationPlatforms) = preSolution
		Debug|Any CPU = Debug|Any CPU
		Release|Any CPU = Release|Any CPU
	EndGlobalSection
	GlobalSection(ProjectConfigurationPlatforms) = postSolution
		{F213D93E-97E9-49F6-B4DA-8B3D6E26ABC5}.Debug|Any CPU.ActiveCfg = Debug|Any CPU
		{F213D93E-97E9-49F6-B4DA-8B3D6E26ABC5}.Debug|Any CPU.Build.0 = Debug|Any CPU
		{F213D93E-97E9-49F6-B4DA-8B3D6E26ABC5}.Release|Any CPU.ActiveCfg = Release|Any CPU
		{F213D93E-97E9-49F6-B4DA-8B3D6E26ABC5}.Release|Any CPU.Build.0 = Release|Any CPU
	EndGlobalSection
	GlobalSection(SolutionProperties) = preSolution
		HideSolutionNode = FALSE
	EndGlobalSection
	GlobalSection(ExtensibilityGlobals) = postSolution
		SolutionGuid = {7AE4999C-135B-4728-A586-1B9B01A02FA1}
	EndGlobalSection
EndGlobal
